PODS:
  - Adjust (5.0.1):
    - Adjust/Adjust (= 5.0.1)
  - Adjust/Adjust (5.0.1):
    - AdjustSignature (~> 3.18)
  - adjust_sdk (5.0.2):
    - Adjust (= 5.0.1)
    - Flutter
  - AdjustSignature (3.20.2)
  - Flutter (1.0.0)
  - flutter_inappwebview_ios (0.0.1):
    - Flutter
    - flutter_inappwebview_ios/Core (= 0.0.1)
    - OrderedSet (~> 6.0.3)
  - flutter_inappwebview_ios/Core (0.0.1):
    - Flutter
    - OrderedSet (~> 6.0.3)
  - OrderedSet (6.0.3)
  - url_launcher_ios (0.0.1):
    - Flutter

DEPENDENCIES:
  - adjust_sdk (from `.symlinks/plugins/adjust_sdk/ios`)
  - Flutter (from `Flutter`)
  - flutter_inappwebview_ios (from `.symlinks/plugins/flutter_inappwebview_ios/ios`)
  - url_launcher_ios (from `.symlinks/plugins/url_launcher_ios/ios`)

SPEC REPOS:
  trunk:
    - Adjust
    - AdjustSignature
    - OrderedSet

EXTERNAL SOURCES:
  adjust_sdk:
    :path: ".symlinks/plugins/adjust_sdk/ios"
  Flutter:
    :path: Flutter
  flutter_inappwebview_ios:
    :path: ".symlinks/plugins/flutter_inappwebview_ios/ios"
  url_launcher_ios:
    :path: ".symlinks/plugins/url_launcher_ios/ios"

SPEC CHECKSUMS:
  Adjust: f27daaa40d0df5550b89dd428cd8545d812e1f6d
  adjust_sdk: 229b9e59a81371ad3248475ad6daa6cb7e4c8349
  AdjustSignature: f42d8c64cda8361ff5b5a31e4536d82076be4306
  Flutter: e0871f40cf51350855a761d2e70bf5af5b9b5de7
  flutter_inappwebview_ios: 6f63631e2c62a7c350263b13fa5427aedefe81d4
  OrderedSet: e539b66b644ff081c73a262d24ad552a69be3a94
  url_launcher_ios: 5334b05cef931de560670eeae103fd3e431ac3fe

PODFILE CHECKSUM: 819463e6a0290f5a72f145ba7cde16e8b6ef0796

COCOAPODS: 1.15.2
